
Microsoft Visual Studio Solution File, Format Version 12.00
# Visual Studio 15
VisualStudioVersion = 15.0.28010.2046
MinimumVisualStudioVersion = 10.0.40219.1
Project("{FAE04EC0-301F-11D3-BF4B-00C04F79EFBC}") = "ChemEngMaps.Android", "ChemEngMaps\ChemEngMaps.Android\ChemEngMaps.Android.csproj", "{1AD2AD89-D8D3-4836-BDCF-44E2CA2A5530}"
EndProject
Project("{FAE04EC0-301F-11D3-BF4B-00C04F79EFBC}") = "ChemEngMaps.iOS", "ChemEngMaps\ChemEngMaps.iOS\ChemEngMaps.iOS.csproj", "{2120455B-C07E-40BC-A2DE-60F92A03098D}"
EndProject
Project("{FAE04EC0-301F-11D3-BF4B-00C04F79EFBC}") = "ChemEngMaps.UWP", "ChemEngMaps\ChemEngMaps.UWP\ChemEngMaps.UWP.csproj", "{34A5B466-280A-4DE7-93AB-9A236189BAAF}"
EndProject
Project("{9A19103F-16F7-4668-BE54-9A1E7A4F7556}") = "ChemEngMaps", "ChemEngMaps\ChemEngMaps\ChemEngMaps.csproj", "{642C66BA-CA83-4DA0-9770-8134955BAC19}"
EndProject
Project("{FAE04EC0-301F-11D3-BF4B-00C04F79EFBC}") = "CreateXML", "CreateXML\CreateXML.csproj", "{087F9C2A-E97E-4141-802D-2A7E6033D9C1}"
EndProject
Global
	GlobalSection(SolutionConfigurationPlatforms) = preSolution
		Ad-Hoc|Any CPU = Ad-Hoc|Any CPU
		Ad-Hoc|ARM = Ad-Hoc|ARM
		Ad-Hoc|iPhone = Ad-Hoc|iPhone
		Ad-Hoc|iPhoneSimulator = Ad-Hoc|iPhoneSimulator
		Ad-Hoc|x64 = Ad-Hoc|x64
		Ad-Hoc|x86 = Ad-Hoc|x86
		AppStore|Any CPU = AppStore|Any CPU
		AppStore|ARM = AppStore|ARM
		AppStore|iPhone = AppStore|iPhone
		AppStore|iPhoneSimulator = AppStore|iPhoneSimulator
		AppStore|x64 = AppStore|x64
		AppStore|x86 = AppStore|x86
		Debug|Any CPU = Debug|Any CPU
		Debug|ARM = Debug|ARM
		Debug|iPhone = Debug|iPhone
		Debug|iPhoneSimulator = Debug|iPhoneSimulator
		Debug|x64 = Debug|x64
		Debug|x86 = Debug|x86
		Release|Any CPU = Release|Any CPU
		Release|ARM = Release|ARM
		Release|iPhone = Release|iPhone
		Release|iPhoneSimulator = Release|iPhoneSimulator
		Release|x64 = Release|x64
		Release|x86 = Release|x86
	EndGlobalSection
	GlobalSection(ProjectConfigurationPlatforms) = postSolution
		{1AD2AD89-D8D3-4836-BDCF-44E2CA2A5530}.Ad-Hoc|Any CPU.ActiveCfg = Release|Any CPU
		{1AD2AD89-D8D3-4836-BDCF-44E2CA2A5530}.Ad-Hoc|Any CPU.Build.0 = Release|Any CPU
		{1AD2AD89-D8D3-4836-BDCF-44E2CA2A5530}.Ad-Hoc|Any CPU.Deploy.0 = Release|Any CPU
		{1AD2AD89-D8D3-4836-BDCF-44E2CA2A5530}.Ad-Hoc|ARM.ActiveCfg = Release|Any CPU
		{1AD2AD89-D8D3-4836-BDCF-44E2CA2A5530}.Ad-Hoc|ARM.Build.0 = Release|Any CPU
		{1AD2AD89-D8D3-4836-BDCF-44E2CA2A5530}.Ad-Hoc|ARM.Deploy.0 = Release|Any CPU
		{1AD2AD89-D8D3-4836-BDCF-44E2CA2A5530}.Ad-Hoc|iPhone.ActiveCfg = Release|Any CPU
		{1AD2AD89-D8D3-4836-BDCF-44E2CA2A5530}.Ad-Hoc|iPhone.Build.0 = Release|Any CPU
		{1AD2AD89-D8D3-4836-BDCF-44E2CA2A5530}.Ad-Hoc|iPhone.Deploy.0 = Release|Any CPU
		{1AD2AD89-D8D3-4836-BDCF-44E2CA2A5530}.Ad-Hoc|iPhoneSimulator.ActiveCfg = Release|Any CPU
		{1AD2AD89-D8D3-4836-BDCF-44E2CA2A5530}.Ad-Hoc|iPhoneSimulator.Build.0 = Release|Any CPU
		{1AD2AD89-D8D3-4836-BDCF-44E2CA2A5530}.Ad-Hoc|iPhoneSimulator.Deploy.0 = Release|Any CPU
		{1AD2AD89-D8D3-4836-BDCF-44E2CA2A5530}.Ad-Hoc|x64.ActiveCfg = Release|Any CPU
		{1AD2AD89-D8D3-4836-BDCF-44E2CA2A5530}.Ad-Hoc|x64.Build.0 = Release|Any CPU
		{1AD2AD89-D8D3-4836-BDCF-44E2CA2A5530}.Ad-Hoc|x64.Deploy.0 = Release|Any CPU
		{1AD2AD89-D8D3-4836-BDCF-44E2CA2A5530}.Ad-Hoc|x86.ActiveCfg = Release|Any CPU
		{1AD2AD89-D8D3-4836-BDCF-44E2CA2A5530}.Ad-Hoc|x86.Build.0 = Release|Any CPU
		{1AD2AD89-D8D3-4836-BDCF-44E2CA2A5530}.Ad-Hoc|x86.Deploy.0 = Release|Any CPU
		{1AD2AD89-D8D3-4836-BDCF-44E2CA2A5530}.AppStore|Any CPU.ActiveCfg = Release|Any CPU
		{1AD2AD89-D8D3-4836-BDCF-44E2CA2A5530}.AppStore|Any CPU.Build.0 = Release|Any CPU
		{1AD2AD89-D8D3-4836-BDCF-44E2CA2A5530}.AppStore|Any CPU.Deploy.0 = Release|Any CPU
		{1AD2AD89-D8D3-4836-BDCF-44E2CA2A5530}.AppStore|ARM.ActiveCfg = Release|Any CPU
		{1AD2AD89-D8D3-4836-BDCF-44E2CA2A5530}.AppStore|ARM.Build.0 = Release|Any CPU
		{1AD2AD89-D8D3-4836-BDCF-44E2CA2A5530}.AppStore|ARM.Deploy.0 = Release|Any CPU
		{1AD2AD89-D8D3-4836-BDCF-44E2CA2A5530}.AppStore|iPhone.ActiveCfg = Release|Any CPU
		{1AD2AD89-D8D3-4836-BDCF-44E2CA2A5530}.AppStore|iPhone.Build.0 = Release|Any CPU
		{1AD2AD89-D8D3-4836-BDCF-44E2CA2A5530}.AppStore|iPhone.Deploy.0 = Release|Any CPU
		{1AD2AD89-D8D3-4836-BDCF-44E2CA2A5530}.AppStore|iPhoneSimulator.ActiveCfg = Release|Any CPU
		{1AD2AD89-D8D3-4836-BDCF-44E2CA2A5530}.AppStore|iPhoneSimulator.Build.0 = Release|Any CPU
		{1AD2AD89-D8D3-4836-BDCF-44E2CA2A5530}.AppStore|iPhoneSimulator.Deploy.0 = Release|Any CPU
		{1AD2AD89-D8D3-4836-BDCF-44E2CA2A5530}.AppStore|x64.ActiveCfg = Release|Any CPU
		{1AD2AD89-D8D3-4836-BDCF-44E2CA2A5530}.AppStore|x64.Build.0 = Release|Any CPU
		{1AD2AD89-D8D3-4836-BDCF-44E2CA2A5530}.AppStore|x64.Deploy.0 = Release|Any CPU
		{1AD2AD89-D8D3-4836-BDCF-44E2CA2A5530}.AppStore|x86.ActiveCfg = Release|Any CPU
		{1AD2AD89-D8D3-4836-BDCF-44E2CA2A5530}.AppStore|x86.Build.0 = Release|Any CPU
		{1AD2AD89-D8D3-4836-BDCF-44E2CA2A5530}.AppStore|x86.Deploy.0 = Release|Any CPU
		{1AD2AD89-D8D3-4836-BDCF-44E2CA2A5530}.Debug|Any CPU.ActiveCfg = Debug|Any CPU
		{1AD2AD89-D8D3-4836-BDCF-44E2CA2A5530}.Debug|Any CPU.Build.0 = Debug|Any CPU
		{1AD2AD89-D8D3-4836-BDCF-44E2CA2A5530}.Debug|Any CPU.Deploy.0 = Debug|Any CPU
		{1AD2AD89-D8D3-4836-BDCF-44E2CA2A5530}.Debug|ARM.ActiveCfg = Debug|Any CPU
		{1AD2AD89-D8D3-4836-BDCF-44E2CA2A5530}.Debug|ARM.Build.0 = Debug|Any CPU
		{1AD2AD89-D8D3-4836-BDCF-44E2CA2A5530}.Debug|ARM.Deploy.0 = Debug|Any CPU
		{1AD2AD89-D8D3-4836-BDCF-44E2CA2A5530}.Debug|iPhone.ActiveCfg = Debug|Any CPU
		{1AD2AD89-D8D3-4836-BDCF-44E2CA2A5530}.Debug|iPhone.Build.0 = Debug|Any CPU
		{1AD2AD89-D8D3-4836-BDCF-44E2CA2A5530}.Debug|iPhone.Deploy.0 = Debug|Any CPU
		{1AD2AD89-D8D3-4836-BDCF-44E2CA2A5530}.Debug|iPhoneSimulator.ActiveCfg = Debug|Any CPU
		{1AD2AD89-D8D3-4836-BDCF-44E2CA2A5530}.Debug|iPhoneSimulator.Build.0 = Debug|Any CPU
		{1AD2AD89-D8D3-4836-BDCF-44E2CA2A5530}.Debug|iPhoneSimulator.Deploy.0 = Debug|Any CPU
		{1AD2AD89-D8D3-4836-BDCF-44E2CA2A5530}.Debug|x64.ActiveCfg = Debug|Any CPU
		{1AD2AD89-D8D3-4836-BDCF-44E2CA2A5530}.Debug|x64.Build.0 = Debug|Any CPU
		{1AD2AD89-D8D3-4836-BDCF-44E2CA2A5530}.Debug|x64.Deploy.0 = Debug|Any CPU
		{1AD2AD89-D8D3-4836-BDCF-44E2CA2A5530}.Debug|x86.ActiveCfg = Debug|Any CPU
		{1AD2AD89-D8D3-4836-BDCF-44E2CA2A5530}.Debug|x86.Build.0 = Debug|Any CPU
		{1AD2AD89-D8D3-4836-BDCF-44E2CA2A5530}.Debug|x86.Deploy.0 = Debug|Any CPU
		{1AD2AD89-D8D3-4836-BDCF-44E2CA2A5530}.Release|Any CPU.ActiveCfg = Release|Any CPU
		{1AD2AD89-D8D3-4836-BDCF-44E2CA2A5530}.Release|Any CPU.Build.0 = Release|Any CPU
		{1AD2AD89-D8D3-4836-BDCF-44E2CA2A5530}.Release|Any CPU.Deploy.0 = Release|Any CPU
		{1AD2AD89-D8D3-4836-BDCF-44E2CA2A5530}.Release|ARM.ActiveCfg = Release|Any CPU
		{1AD2AD89-D8D3-4836-BDCF-44E2CA2A5530}.Release|ARM.Build.0 = Release|Any CPU
		{1AD2AD89-D8D3-4836-BDCF-44E2CA2A5530}.Release|ARM.Deploy.0 = Release|Any CPU
		{1AD2AD89-D8D3-4836-BDCF-44E2CA2A5530}.Release|iPhone.ActiveCfg = Release|Any CPU
		{1AD2AD89-D8D3-4836-BDCF-44E2CA2A5530}.Release|iPhone.Build.0 = Release|Any CPU
		{1AD2AD89-D8D3-4836-BDCF-44E2CA2A5530}.Release|iPhone.Deploy.0 = Release|Any CPU
		{1AD2AD89-D8D3-4836-BDCF-44E2CA2A5530}.Release|iPhoneSimulator.ActiveCfg = Release|Any CPU
		{1AD2AD89-D8D3-4836-BDCF-44E2CA2A5530}.Release|iPhoneSimulator.Build.0 = Release|Any CPU
		{1AD2AD89-D8D3-4836-BDCF-44E2CA2A5530}.Release|iPhoneSimulator.Deploy.0 = Release|Any CPU
		{1AD2AD89-D8D3-4836-BDCF-44E2CA2A5530}.Release|x64.ActiveCfg = Release|Any CPU
		{1AD2AD89-D8D3-4836-BDCF-44E2CA2A5530}.Release|x64.Build.0 = Release|Any CPU
		{1AD2AD89-D8D3-4836-BDCF-44E2CA2A5530}.Release|x64.Deploy.0 = Release|Any CPU
		{1AD2AD89-D8D3-4836-BDCF-44E2CA2A5530}.Release|x86.ActiveCfg = Release|Any CPU
		{1AD2AD89-D8D3-4836-BDCF-44E2CA2A5530}.Release|x86.Build.0 = Release|Any CPU
		{1AD2AD89-D8D3-4836-BDCF-44E2CA2A5530}.Release|x86.Deploy.0 = Release|Any CPU
		{2120455B-C07E-40BC-A2DE-60F92A03098D}.Ad-Hoc|Any CPU.ActiveCfg = Ad-Hoc|iPhone
		{2120455B-C07E-40BC-A2DE-60F92A03098D}.Ad-Hoc|Any CPU.Build.0 = Ad-Hoc|iPhone
		{2120455B-C07E-40BC-A2DE-60F92A03098D}.Ad-Hoc|Any CPU.Deploy.0 = Ad-Hoc|iPhone
		{2120455B-C07E-40BC-A2DE-60F92A03098D}.Ad-Hoc|ARM.ActiveCfg = Ad-Hoc|iPhone
		{2120455B-C07E-40BC-A2DE-60F92A03098D}.Ad-Hoc|ARM.Build.0 = Ad-Hoc|iPhone
		{2120455B-C07E-40BC-A2DE-60F92A03098D}.Ad-Hoc|ARM.Deploy.0 = Ad-Hoc|iPhone
		{2120455B-C07E-40BC-A2DE-60F92A03098D}.Ad-Hoc|iPhone.ActiveCfg = Ad-Hoc|iPhone
		{2120455B-C07E-40BC-A2DE-60F92A03098D}.Ad-Hoc|iPhone.Build.0 = Ad-Hoc|iPhone
		{2120455B-C07E-40BC-A2DE-60F92A03098D}.Ad-Hoc|iPhone.Deploy.0 = Ad-Hoc|iPhone
		{2120455B-C07E-40BC-A2DE-60F92A03098D}.Ad-Hoc|iPhoneSimulator.ActiveCfg = Ad-Hoc|iPhoneSimulator
		{2120455B-C07E-40BC-A2DE-60F92A03098D}.Ad-Hoc|iPhoneSimulator.Build.0 = Ad-Hoc|iPhoneSimulator
		{2120455B-C07E-40BC-A2DE-60F92A03098D}.Ad-Hoc|iPhoneSimulator.Deploy.0 = Ad-Hoc|iPhoneSimulator
		{2120455B-C07E-40BC-A2DE-60F92A03098D}.Ad-Hoc|x64.ActiveCfg = Ad-Hoc|iPhone
		{2120455B-C07E-40BC-A2DE-60F92A03098D}.Ad-Hoc|x64.Build.0 = Ad-Hoc|iPhone
		{2120455B-C07E-40BC-A2DE-60F92A03098D}.Ad-Hoc|x64.Deploy.0 = Ad-Hoc|iPhone
		{2120455B-C07E-40BC-A2DE-60F92A03098D}.Ad-Hoc|x86.ActiveCfg = Ad-Hoc|iPhone
		{2120455B-C07E-40BC-A2DE-60F92A03098D}.Ad-Hoc|x86.Build.0 = Ad-Hoc|iPhone
		{2120455B-C07E-40BC-A2DE-60F92A03098D}.Ad-Hoc|x86.Deploy.0 = Ad-Hoc|iPhone
		{2120455B-C07E-40BC-A2DE-60F92A03098D}.AppStore|Any CPU.ActiveCfg = AppStore|iPhone
		{2120455B-C07E-40BC-A2DE-60F92A03098D}.AppStore|Any CPU.Build.0 = AppStore|iPhone
		{2120455B-C07E-40BC-A2DE-60F92A03098D}.AppStore|Any CPU.Deploy.0 = AppStore|iPhone
		{2120455B-C07E-40BC-A2DE-60F92A03098D}.AppStore|ARM.ActiveCfg = AppStore|iPhone
		{2120455B-C07E-40BC-A2DE-60F92A03098D}.AppStore|ARM.Build.0 = AppStore|iPhone
		{2120455B-C07E-40BC-A2DE-60F92A03098D}.AppStore|ARM.Deploy.0 = AppStore|iPhone
		{2120455B-C07E-40BC-A2DE-60F92A03098D}.AppStore|iPhone.ActiveCfg = AppStore|iPhone
		{2120455B-C07E-40BC-A2DE-60F92A03098D}.AppStore|iPhone.Build.0 = AppStore|iPhone
		{2120455B-C07E-40BC-A2DE-60F92A03098D}.AppStore|iPhone.Deploy.0 = AppStore|iPhone
		{2120455B-C07E-40BC-A2DE-60F92A03098D}.AppStore|iPhoneSimulator.ActiveCfg = AppStore|iPhoneSimulator
		{2120455B-C07E-40BC-A2DE-60F92A03098D}.AppStore|iPhoneSimulator.Build.0 = AppStore|iPhoneSimulator
		{2120455B-C07E-40BC-A2DE-60F92A03098D}.AppStore|iPhoneSimulator.Deploy.0 = AppStore|iPhoneSimulator
		{2120455B-C07E-40BC-A2DE-60F92A03098D}.AppStore|x64.ActiveCfg = AppStore|iPhone
		{2120455B-C07E-40BC-A2DE-60F92A03098D}.AppStore|x64.Build.0 = AppStore|iPhone
		{2120455B-C07E-40BC-A2DE-60F92A03098D}.AppStore|x64.Deploy.0 = AppStore|iPhone
		{2120455B-C07E-40BC-A2DE-60F92A03098D}.AppStore|x86.ActiveCfg = AppStore|iPhone
		{2120455B-C07E-40BC-A2DE-60F92A03098D}.AppStore|x86.Build.0 = AppStore|iPhone
		{2120455B-C07E-40BC-A2DE-60F92A03098D}.AppStore|x86.Deploy.0 = AppStore|iPhone
		{2120455B-C07E-40BC-A2DE-60F92A03098D}.Debug|Any CPU.ActiveCfg = Debug|iPhoneSimulator
		{2120455B-C07E-40BC-A2DE-60F92A03098D}.Debug|Any CPU.Build.0 = Debug|iPhoneSimulator
		{2120455B-C07E-40BC-A2DE-60F92A03098D}.Debug|Any CPU.Deploy.0 = Debug|iPhoneSimulator
		{2120455B-C07E-40BC-A2DE-60F92A03098D}.Debug|ARM.ActiveCfg = Debug|iPhone
		{2120455B-C07E-40BC-A2DE-60F92A03098D}.Debug|ARM.Build.0 = Debug|iPhone
		{2120455B-C07E-40BC-A2DE-60F92A03098D}.Debug|ARM.Deploy.0 = Debug|iPhone
		{2120455B-C07E-40BC-A2DE-60F92A03098D}.Debug|iPhone.ActiveCfg = Debug|iPhone
		{2120455B-C07E-40BC-A2DE-60F92A03098D}.Debug|iPhone.Build.0 = Debug|iPhone
		{2120455B-C07E-40BC-A2DE-60F92A03098D}.Debug|iPhone.Deploy.0 = Debug|iPhone
		{2120455B-C07E-40BC-A2DE-60F92A03098D}.Debug|iPhoneSimulator.ActiveCfg = Debug|iPhoneSimulator
		{2120455B-C07E-40BC-A2DE-60F92A03098D}.Debug|iPhoneSimulator.Build.0 = Debug|iPhoneSimulator
		{2120455B-C07E-40BC-A2DE-60F92A03098D}.Debug|iPhoneSimulator.Deploy.0 = Debug|iPhoneSimulator
		{2120455B-C07E-40BC-A2DE-60F92A03098D}.Debug|x64.ActiveCfg = Debug|iPhone
		{2120455B-C07E-40BC-A2DE-60F92A03098D}.Debug|x64.Build.0 = Debug|iPhone
		{2120455B-C07E-40BC-A2DE-60F92A03098D}.Debug|x64.Deploy.0 = Debug|iPhone
		{2120455B-C07E-40BC-A2DE-60F92A03098D}.Debug|x86.ActiveCfg = Debug|iPhone
		{2120455B-C07E-40BC-A2DE-60F92A03098D}.Debug|x86.Build.0 = Debug|iPhone
		{2120455B-C07E-40BC-A2DE-60F92A03098D}.Debug|x86.Deploy.0 = Debug|iPhone
		{2120455B-C07E-40BC-A2DE-60F92A03098D}.Release|Any CPU.ActiveCfg = Release|iPhone
		{2120455B-C07E-40BC-A2DE-60F92A03098D}.Release|Any CPU.Build.0 = Release|iPhone
		{2120455B-C07E-40BC-A2DE-60F92A03098D}.Release|Any CPU.Deploy.0 = Release|iPhone
		{2120455B-C07E-40BC-A2DE-60F92A03098D}.Release|ARM.ActiveCfg = Release|iPhone
		{2120455B-C07E-40BC-A2DE-60F92A03098D}.Release|ARM.Build.0 = Release|iPhone
		{2120455B-C07E-40BC-A2DE-60F92A03098D}.Release|ARM.Deploy.0 = Release|iPhone
		{2120455B-C07E-40BC-A2DE-60F92A03098D}.Release|iPhone.ActiveCfg = Release|iPhone
		{2120455B-C07E-40BC-A2DE-60F92A03098D}.Release|iPhone.Build.0 = Release|iPhone
		{2120455B-C07E-40BC-A2DE-60F92A03098D}.Release|iPhone.Deploy.0 = Release|iPhone
		{2120455B-C07E-40BC-A2DE-60F92A03098D}.Release|iPhoneSimulator.ActiveCfg = Release|iPhoneSimulator
		{2120455B-C07E-40BC-A2DE-60F92A03098D}.Release|iPhoneSimulator.Build.0 = Release|iPhoneSimulator
		{2120455B-C07E-40BC-A2DE-60F92A03098D}.Release|iPhoneSimulator.Deploy.0 = Release|iPhoneSimulator
		{2120455B-C07E-40BC-A2DE-60F92A03098D}.Release|x64.ActiveCfg = Release|iPhone
		{2120455B-C07E-40BC-A2DE-60F92A03098D}.Release|x64.Build.0 = Release|iPhone
		{2120455B-C07E-40BC-A2DE-60F92A03098D}.Release|x64.Deploy.0 = Release|iPhone
		{2120455B-C07E-40BC-A2DE-60F92A03098D}.Release|x86.ActiveCfg = Release|iPhone
		{2120455B-C07E-40BC-A2DE-60F92A03098D}.Release|x86.Build.0 = Release|iPhone
		{2120455B-C07E-40BC-A2DE-60F92A03098D}.Release|x86.Deploy.0 = Release|iPhone
		{34A5B466-280A-4DE7-93AB-9A236189BAAF}.Ad-Hoc|Any CPU.ActiveCfg = Release|x86
		{34A5B466-280A-4DE7-93AB-9A236189BAAF}.Ad-Hoc|Any CPU.Build.0 = Release|x86
		{34A5B466-280A-4DE7-93AB-9A236189BAAF}.Ad-Hoc|Any CPU.Deploy.0 = Release|x86
		{34A5B466-280A-4DE7-93AB-9A236189BAAF}.Ad-Hoc|ARM.ActiveCfg = Release|ARM
		{34A5B466-280A-4DE7-93AB-9A236189BAAF}.Ad-Hoc|ARM.Build.0 = Release|ARM
		{34A5B466-280A-4DE7-93AB-9A236189BAAF}.Ad-Hoc|ARM.Deploy.0 = Release|ARM
		{34A5B466-280A-4DE7-93AB-9A236189BAAF}.Ad-Hoc|iPhone.ActiveCfg = Release|x86
		{34A5B466-280A-4DE7-93AB-9A236189BAAF}.Ad-Hoc|iPhone.Build.0 = Release|x86
		{34A5B466-280A-4DE7-93AB-9A236189BAAF}.Ad-Hoc|iPhone.Deploy.0 = Release|x86
		{34A5B466-280A-4DE7-93AB-9A236189BAAF}.Ad-Hoc|iPhoneSimulator.ActiveCfg = Release|x86
		{34A5B466-280A-4DE7-93AB-9A236189BAAF}.Ad-Hoc|iPhoneSimulator.Build.0 = Release|x86
		{34A5B466-280A-4DE7-93AB-9A236189BAAF}.Ad-Hoc|iPhoneSimulator.Deploy.0 = Release|x86
		{34A5B466-280A-4DE7-93AB-9A236189BAAF}.Ad-Hoc|x64.ActiveCfg = Release|x64
		{34A5B466-280A-4DE7-93AB-9A236189BAAF}.Ad-Hoc|x64.Build.0 = Release|x64
		{34A5B466-280A-4DE7-93AB-9A236189BAAF}.Ad-Hoc|x64.Deploy.0 = Release|x64
		{34A5B466-280A-4DE7-93AB-9A236189BAAF}.Ad-Hoc|x86.ActiveCfg = Release|x86
		{34A5B466-280A-4DE7-93AB-9A236189BAAF}.Ad-Hoc|x86.Build.0 = Release|x86
		{34A5B466-280A-4DE7-93AB-9A236189BAAF}.Ad-Hoc|x86.Deploy.0 = Release|x86
		{34A5B466-280A-4DE7-93AB-9A236189BAAF}.AppStore|Any CPU.ActiveCfg = Release|x86
		{34A5B466-280A-4DE7-93AB-9A236189BAAF}.AppStore|Any CPU.Build.0 = Release|x86
		{34A5B466-280A-4DE7-93AB-9A236189BAAF}.AppStore|Any CPU.Deploy.0 = Release|x86
		{34A5B466-280A-4DE7-93AB-9A236189BAAF}.AppStore|ARM.ActiveCfg = Release|ARM
		{34A5B466-280A-4DE7-93AB-9A236189BAAF}.AppStore|ARM.Build.0 = Release|ARM
		{34A5B466-280A-4DE7-93AB-9A236189BAAF}.AppStore|ARM.Deploy.0 = Release|ARM
		{34A5B466-280A-4DE7-93AB-9A236189BAAF}.AppStore|iPhone.ActiveCfg = Release|x86
		{34A5B466-280A-4DE7-93AB-9A236189BAAF}.AppStore|iPhone.Build.0 = Release|x86
		{34A5B466-280A-4DE7-93AB-9A236189BAAF}.AppStore|iPhone.Deploy.0 = Release|x86
		{34A5B466-280A-4DE7-93AB-9A236189BAAF}.AppStore|iPhoneSimulator.ActiveCfg = Release|x86
		{34A5B466-280A-4DE7-93AB-9A236189BAAF}.AppStore|iPhoneSimulator.Build.0 = Release|x86
		{34A5B466-280A-4DE7-93AB-9A236189BAAF}.AppStore|iPhoneSimulator.Deploy.0 = Release|x86
		{34A5B466-280A-4DE7-93AB-9A236189BAAF}.AppStore|x64.ActiveCfg = Release|x64
		{34A5B466-280A-4DE7-93AB-9A236189BAAF}.AppStore|x64.Build.0 = Release|x64
		{34A5B466-280A-4DE7-93AB-9A236189BAAF}.AppStore|x64.Deploy.0 = Release|x64
		{34A5B466-280A-4DE7-93AB-9A236189BAAF}.AppStore|x86.ActiveCfg = Release|x86
		{34A5B466-280A-4DE7-93AB-9A236189BAAF}.AppStore|x86.Build.0 = Release|x86
		{34A5B466-280A-4DE7-93AB-9A236189BAAF}.AppStore|x86.Deploy.0 = Release|x86
		{34A5B466-280A-4DE7-93AB-9A236189BAAF}.Debug|Any CPU.ActiveCfg = Debug|x86
		{34A5B466-280A-4DE7-93AB-9A236189BAAF}.Debug|Any CPU.Build.0 = Debug|x86
		{34A5B466-280A-4DE7-93AB-9A236189BAAF}.Debug|Any CPU.Deploy.0 = Debug|x86
		{34A5B466-280A-4DE7-93AB-9A236189BAAF}.Debug|ARM.ActiveCfg = Debug|ARM
		{34A5B466-280A-4DE7-93AB-9A236189BAAF}.Debug|ARM.Build.0 = Debug|ARM
		{34A5B466-280A-4DE7-93AB-9A236189BAAF}.Debug|ARM.Deploy.0 = Debug|ARM
		{34A5B466-280A-4DE7-93AB-9A236189BAAF}.Debug|iPhone.ActiveCfg = Debug|x86
		{34A5B466-280A-4DE7-93AB-9A236189BAAF}.Debug|iPhone.Build.0 = Debug|x86
		{34A5B466-280A-4DE7-93AB-9A236189BAAF}.Debug|iPhone.Deploy.0 = Debug|x86
		{34A5B466-280A-4DE7-93AB-9A236189BAAF}.Debug|iPhoneSimulator.ActiveCfg = Debug|x86
		{34A5B466-280A-4DE7-93AB-9A236189BAAF}.Debug|iPhoneSimulator.Build.0 = Debug|x86
		{34A5B466-280A-4DE7-93AB-9A236189BAAF}.Debug|iPhoneSimulator.Deploy.0 = Debug|x86
		{34A5B466-280A-4DE7-93AB-9A236189BAAF}.Debug|x64.ActiveCfg = Debug|x64
		{34A5B466-280A-4DE7-93AB-9A236189BAAF}.Debug|x64.Build.0 = Debug|x64
		{34A5B466-280A-4DE7-93AB-9A236189BAAF}.Debug|x64.Deploy.0 = Debug|x64
		{34A5B466-280A-4DE7-93AB-9A236189BAAF}.Debug|x86.ActiveCfg = Debug|x86
		{34A5B466-280A-4DE7-93AB-9A236189BAAF}.Debug|x86.Build.0 = Debug|x86
		{34A5B466-280A-4DE7-93AB-9A236189BAAF}.Debug|x86.Deploy.0 = Debug|x86
		{34A5B466-280A-4DE7-93AB-9A236189BAAF}.Release|Any CPU.ActiveCfg = Release|x86
		{34A5B466-280A-4DE7-93AB-9A236189BAAF}.Release|Any CPU.Build.0 = Release|x86
		{34A5B466-280A-4DE7-93AB-9A236189BAAF}.Release|Any CPU.Deploy.0 = Release|x86
		{34A5B466-280A-4DE7-93AB-9A236189BAAF}.Release|ARM.ActiveCfg = Release|ARM
		{34A5B466-280A-4DE7-93AB-9A236189BAAF}.Release|ARM.Build.0 = Release|ARM
		{34A5B466-280A-4DE7-93AB-9A236189BAAF}.Release|ARM.Deploy.0 = Release|ARM
		{34A5B466-280A-4DE7-93AB-9A236189BAAF}.Release|iPhone.ActiveCfg = Release|x86
		{34A5B466-280A-4DE7-93AB-9A236189BAAF}.Release|iPhone.Build.0 = Release|x86
		{34A5B466-280A-4DE7-93AB-9A236189BAAF}.Release|iPhone.Deploy.0 = Release|x86
		{34A5B466-280A-4DE7-93AB-9A236189BAAF}.Release|iPhoneSimulator.ActiveCfg = Release|x86
		{34A5B466-280A-4DE7-93AB-9A236189BAAF}.Release|iPhoneSimulator.Build.0 = Release|x86
		{34A5B466-280A-4DE7-93AB-9A236189BAAF}.Release|iPhoneSimulator.Deploy.0 = Release|x86
		{34A5B466-280A-4DE7-93AB-9A236189BAAF}.Release|x64.ActiveCfg = Release|x64
		{34A5B466-280A-4DE7-93AB-9A236189BAAF}.Release|x64.Build.0 = Release|x64
		{34A5B466-280A-4DE7-93AB-9A236189BAAF}.Release|x64.Deploy.0 = Release|x64
		{34A5B466-280A-4DE7-93AB-9A236189BAAF}.Release|x86.ActiveCfg = Release|x86
		{34A5B466-280A-4DE7-93AB-9A236189BAAF}.Release|x86.Build.0 = Release|x86
		{34A5B466-280A-4DE7-93AB-9A236189BAAF}.Release|x86.Deploy.0 = Release|x86
		{642C66BA-CA83-4DA0-9770-8134955BAC19}.Ad-Hoc|Any CPU.ActiveCfg = Debug|Any CPU
		{642C66BA-CA83-4DA0-9770-8134955BAC19}.Ad-Hoc|Any CPU.Build.0 = Debug|Any CPU
		{642C66BA-CA83-4DA0-9770-8134955BAC19}.Ad-Hoc|Any CPU.Deploy.0 = Debug|Any CPU
		{642C66BA-CA83-4DA0-9770-8134955BAC19}.Ad-Hoc|ARM.ActiveCfg = Debug|Any CPU
		{642C66BA-CA83-4DA0-9770-8134955BAC19}.Ad-Hoc|ARM.Build.0 = Debug|Any CPU
		{642C66BA-CA83-4DA0-9770-8134955BAC19}.Ad-Hoc|ARM.Deploy.0 = Debug|Any CPU
		{642C66BA-CA83-4DA0-9770-8134955BAC19}.Ad-Hoc|iPhone.ActiveCfg = Debug|Any CPU
		{642C66BA-CA83-4DA0-9770-8134955BAC19}.Ad-Hoc|iPhone.Build.0 = Debug|Any CPU
		{642C66BA-CA83-4DA0-9770-8134955BAC19}.Ad-Hoc|iPhone.Deploy.0 = Debug|Any CPU
		{642C66BA-CA83-4DA0-9770-8134955BAC19}.Ad-Hoc|iPhoneSimulator.ActiveCfg = Debug|Any CPU
		{642C66BA-CA83-4DA0-9770-8134955BAC19}.Ad-Hoc|iPhoneSimulator.Build.0 = Debug|Any CPU
		{642C66BA-CA83-4DA0-9770-8134955BAC19}.Ad-Hoc|iPhoneSimulator.Deploy.0 = Debug|Any CPU
		{642C66BA-CA83-4DA0-9770-8134955BAC19}.Ad-Hoc|x64.ActiveCfg = Debug|Any CPU
		{642C66BA-CA83-4DA0-9770-8134955BAC19}.Ad-Hoc|x64.Build.0 = Debug|Any CPU
		{642C66BA-CA83-4DA0-9770-8134955BAC19}.Ad-Hoc|x64.Deploy.0 = Debug|Any CPU
		{642C66BA-CA83-4DA0-9770-8134955BAC19}.Ad-Hoc|x86.ActiveCfg = Debug|Any CPU
		{642C66BA-CA83-4DA0-9770-8134955BAC19}.Ad-Hoc|x86.Build.0 = Debug|Any CPU
		{642C66BA-CA83-4DA0-9770-8134955BAC19}.Ad-Hoc|x86.Deploy.0 = Debug|Any CPU
		{642C66BA-CA83-4DA0-9770-8134955BAC19}.AppStore|Any CPU.ActiveCfg = Debug|Any CPU
		{642C66BA-CA83-4DA0-9770-8134955BAC19}.AppStore|Any CPU.Build.0 = Debug|Any CPU
		{642C66BA-CA83-4DA0-9770-8134955BAC19}.AppStore|Any CPU.Deploy.0 = Debug|Any CPU
		{642C66BA-CA83-4DA0-9770-8134955BAC19}.AppStore|ARM.ActiveCfg = Debug|Any CPU
		{642C66BA-CA83-4DA0-9770-8134955BAC19}.AppStore|ARM.Build.0 = Debug|Any CPU
		{642C66BA-CA83-4DA0-9770-8134955BAC19}.AppStore|ARM.Deploy.0 = Debug|Any CPU
		{642C66BA-CA83-4DA0-9770-8134955BAC19}.AppStore|iPhone.ActiveCfg = Debug|Any CPU
		{642C66BA-CA83-4DA0-9770-8134955BAC19}.AppStore|iPhone.Build.0 = Debug|Any CPU
		{642C66BA-CA83-4DA0-9770-8134955BAC19}.AppStore|iPhone.Deploy.0 = Debug|Any CPU
		{642C66BA-CA83-4DA0-9770-8134955BAC19}.AppStore|iPhoneSimulator.ActiveCfg = Debug|Any CPU
		{642C66BA-CA83-4DA0-9770-8134955BAC19}.AppStore|iPhoneSimulator.Build.0 = Debug|Any CPU
		{642C66BA-CA83-4DA0-9770-8134955BAC19}.AppStore|iPhoneSimulator.Deploy.0 = Debug|Any CPU
		{642C66BA-CA83-4DA0-9770-8134955BAC19}.AppStore|x64.ActiveCfg = Debug|Any CPU
		{642C66BA-CA83-4DA0-9770-8134955BAC19}.AppStore|x64.Build.0 = Debug|Any CPU
		{642C66BA-CA83-4DA0-9770-8134955BAC19}.AppStore|x64.Deploy.0 = Debug|Any CPU
		{642C66BA-CA83-4DA0-9770-8134955BAC19}.AppStore|x86.ActiveCfg = Debug|Any CPU
		{642C66BA-CA83-4DA0-9770-8134955BAC19}.AppStore|x86.Build.0 = Debug|Any CPU
		{642C66BA-CA83-4DA0-9770-8134955BAC19}.AppStore|x86.Deploy.0 = Debug|Any CPU
		{642C66BA-CA83-4DA0-9770-8134955BAC19}.Debug|Any CPU.ActiveCfg = Debug|Any CPU
		{642C66BA-CA83-4DA0-9770-8134955BAC19}.Debug|Any CPU.Build.0 = Debug|Any CPU
		{642C66BA-CA83-4DA0-9770-8134955BAC19}.Debug|Any CPU.Deploy.0 = Debug|Any CPU
		{642C66BA-CA83-4DA0-9770-8134955BAC19}.Debug|ARM.ActiveCfg = Debug|Any CPU
		{642C66BA-CA83-4DA0-9770-8134955BAC19}.Debug|ARM.Build.0 = Debug|Any CPU
		{642C66BA-CA83-4DA0-9770-8134955BAC19}.Debug|ARM.Deploy.0 = Debug|Any CPU
		{642C66BA-CA83-4DA0-9770-8134955BAC19}.Debug|iPhone.ActiveCfg = Debug|Any CPU
		{642C66BA-CA83-4DA0-9770-8134955BAC19}.Debug|iPhone.Build.0 = Debug|Any CPU
		{642C66BA-CA83-4DA0-9770-8134955BAC19}.Debug|iPhone.Deploy.0 = Debug|Any CPU
		{642C66BA-CA83-4DA0-9770-8134955BAC19}.Debug|iPhoneSimulator.ActiveCfg = Debug|Any CPU
		{642C66BA-CA83-4DA0-9770-8134955BAC19}.Debug|iPhoneSimulator.Build.0 = Debug|Any CPU
		{642C66BA-CA83-4DA0-9770-8134955BAC19}.Debug|iPhoneSimulator.Deploy.0 = Debug|Any CPU
		{642C66BA-CA83-4DA0-9770-8134955BAC19}.Debug|x64.ActiveCfg = Debug|Any CPU
		{642C66BA-CA83-4DA0-9770-8134955BAC19}.Debug|x64.Build.0 = Debug|Any CPU
		{642C66BA-CA83-4DA0-9770-8134955BAC19}.Debug|x64.Deploy.0 = Debug|Any CPU
		{642C66BA-CA83-4DA0-9770-8134955BAC19}.Debug|x86.ActiveCfg = Debug|Any CPU
		{642C66BA-CA83-4DA0-9770-8134955BAC19}.Debug|x86.Build.0 = Debug|Any CPU
		{642C66BA-CA83-4DA0-9770-8134955BAC19}.Debug|x86.Deploy.0 = Debug|Any CPU
		{642C66BA-CA83-4DA0-9770-8134955BAC19}.Release|Any CPU.ActiveCfg = Release|Any CPU
		{642C66BA-CA83-4DA0-9770-8134955BAC19}.Release|Any CPU.Build.0 = Release|Any CPU
		{642C66BA-CA83-4DA0-9770-8134955BAC19}.Release|Any CPU.Deploy.0 = Release|Any CPU
		{642C66BA-CA83-4DA0-9770-8134955BAC19}.Release|ARM.ActiveCfg = Release|Any CPU
		{642C66BA-CA83-4DA0-9770-8134955BAC19}.Release|ARM.Build.0 = Release|Any CPU
		{642C66BA-CA83-4DA0-9770-8134955BAC19}.Release|ARM.Deploy.0 = Release|Any CPU
		{642C66BA-CA83-4DA0-9770-8134955BAC19}.Release|iPhone.ActiveCfg = Release|Any CPU
		{642C66BA-CA83-4DA0-9770-8134955BAC19}.Release|iPhone.Build.0 = Release|Any CPU
		{642C66BA-CA83-4DA0-9770-8134955BAC19}.Release|iPhone.Deploy.0 = Release|Any CPU
		{642C66BA-CA83-4DA0-9770-8134955BAC19}.Release|iPhoneSimulator.ActiveCfg = Release|Any CPU
		{642C66BA-CA83-4DA0-9770-8134955BAC19}.Release|iPhoneSimulator.Build.0 = Release|Any CPU
		{642C66BA-CA83-4DA0-9770-8134955BAC19}.Release|iPhoneSimulator.Deploy.0 = Release|Any CPU
		{642C66BA-CA83-4DA0-9770-8134955BAC19}.Release|x64.ActiveCfg = Release|Any CPU
		{642C66BA-CA83-4DA0-9770-8134955BAC19}.Release|x64.Build.0 = Release|Any CPU
		{642C66BA-CA83-4DA0-9770-8134955BAC19}.Release|x64.Deploy.0 = Release|Any CPU
		{642C66BA-CA83-4DA0-9770-8134955BAC19}.Release|x86.ActiveCfg = Release|Any CPU
		{642C66BA-CA83-4DA0-9770-8134955BAC19}.Release|x86.Build.0 = Release|Any CPU
		{642C66BA-CA83-4DA0-9770-8134955BAC19}.Release|x86.Deploy.0 = Release|Any CPU
		{087F9C2A-E97E-4141-802D-2A7E6033D9C1}.Ad-Hoc|Any CPU.ActiveCfg = Release|Any CPU
		{087F9C2A-E97E-4141-802D-2A7E6033D9C1}.Ad-Hoc|Any CPU.Build.0 = Release|Any CPU
		{087F9C2A-E97E-4141-802D-2A7E6033D9C1}.Ad-Hoc|ARM.ActiveCfg = Release|Any CPU
		{087F9C2A-E97E-4141-802D-2A7E6033D9C1}.Ad-Hoc|ARM.Build.0 = Release|Any CPU
		{087F9C2A-E97E-4141-802D-2A7E6033D9C1}.Ad-Hoc|iPhone.ActiveCfg = Release|Any CPU
		{087F9C2A-E97E-4141-802D-2A7E6033D9C1}.Ad-Hoc|iPhone.Build.0 = Release|Any CPU
		{087F9C2A-E97E-4141-802D-2A7E6033D9C1}.Ad-Hoc|iPhoneSimulator.ActiveCfg = Release|Any CPU
		{087F9C2A-E97E-4141-802D-2A7E6033D9C1}.Ad-Hoc|iPhoneSimulator.Build.0 = Release|Any CPU
		{087F9C2A-E97E-4141-802D-2A7E6033D9C1}.Ad-Hoc|x64.ActiveCfg = Release|Any CPU
		{087F9C2A-E97E-4141-802D-2A7E6033D9C1}.Ad-Hoc|x64.Build.0 = Release|Any CPU
		{087F9C2A-E97E-4141-802D-2A7E6033D9C1}.Ad-Hoc|x86.ActiveCfg = Release|Any CPU
		{087F9C2A-E97E-4141-802D-2A7E6033D9C1}.Ad-Hoc|x86.Build.0 = Release|Any CPU
		{087F9C2A-E97E-4141-802D-2A7E6033D9C1}.AppStore|Any CPU.ActiveCfg = Release|Any CPU
		{087F9C2A-E97E-4141-802D-2A7E6033D9C1}.AppStore|Any CPU.Build.0 = Release|Any CPU
		{087F9C2A-E97E-4141-802D-2A7E6033D9C1}.AppStore|ARM.ActiveCfg = Release|Any CPU
		{087F9C2A-E97E-4141-802D-2A7E6033D9C1}.AppStore|ARM.Build.0 = Release|Any CPU
		{087F9C2A-E97E-4141-802D-2A7E6033D9C1}.AppStore|iPhone.ActiveCfg = Release|Any CPU
		{087F9C2A-E97E-4141-802D-2A7E6033D9C1}.AppStore|iPhone.Build.0 = Release|Any CPU
		{087F9C2A-E97E-4141-802D-2A7E6033D9C1}.AppStore|iPhoneSimulator.ActiveCfg = Release|Any CPU
		{087F9C2A-E97E-4141-802D-2A7E6033D9C1}.AppStore|iPhoneSimulator.Build.0 = Release|Any CPU
		{087F9C2A-E97E-4141-802D-2A7E6033D9C1}.AppStore|x64.ActiveCfg = Release|Any CPU
		{087F9C2A-E97E-4141-802D-2A7E6033D9C1}.AppStore|x64.Build.0 = Release|Any CPU
		{087F9C2A-E97E-4141-802D-2A7E6033D9C1}.AppStore|x86.ActiveCfg = Release|Any CPU
		{087F9C2A-E97E-4141-802D-2A7E6033D9C1}.AppStore|x86.Build.0 = Release|Any CPU
		{087F9C2A-E97E-4141-802D-2A7E6033D9C1}.Debug|Any CPU.ActiveCfg = Debug|Any CPU
		{087F9C2A-E97E-4141-802D-2A7E6033D9C1}.Debug|Any CPU.Build.0 = Debug|Any CPU
		{087F9C2A-E97E-4141-802D-2A7E6033D9C1}.Debug|ARM.ActiveCfg = Debug|Any CPU
		{087F9C2A-E97E-4141-802D-2A7E6033D9C1}.Debug|ARM.Build.0 = Debug|Any CPU
		{087F9C2A-E97E-4141-802D-2A7E6033D9C1}.Debug|iPhone.ActiveCfg = Debug|Any CPU
		{087F9C2A-E97E-4141-802D-2A7E6033D9C1}.Debug|iPhone.Build.0 = Debug|Any CPU
		{087F9C2A-E97E-4141-802D-2A7E6033D9C1}.Debug|iPhoneSimulator.ActiveCfg = Debug|Any CPU
		{087F9C2A-E97E-4141-802D-2A7E6033D9C1}.Debug|iPhoneSimulator.Build.0 = Debug|Any CPU
		{087F9C2A-E97E-4141-802D-2A7E6033D9C1}.Debug|x64.ActiveCfg = Debug|Any CPU
		{087F9C2A-E97E-4141-802D-2A7E6033D9C1}.Debug|x64.Build.0 = Debug|Any CPU
		{087F9C2A-E97E-4141-802D-2A7E6033D9C1}.Debug|x86.ActiveCfg = Debug|Any CPU
		{087F9C2A-E97E-4141-802D-2A7E6033D9C1}.Debug|x86.Build.0 = Debug|Any CPU
		{087F9C2A-E97E-4141-802D-2A7E6033D9C1}.Release|Any CPU.ActiveCfg = Release|Any CPU
		{087F9C2A-E97E-4141-802D-2A7E6033D9C1}.Release|Any CPU.Build.0 = Release|Any CPU
		{087F9C2A-E97E-4141-802D-2A7E6033D9C1}.Release|ARM.ActiveCfg = Release|Any CPU
		{087F9C2A-E97E-4141-802D-2A7E6033D9C1}.Release|ARM.Build.0 = Release|Any CPU
		{087F9C2A-E97E-4141-802D-2A7E6033D9C1}.Release|iPhone.ActiveCfg = Release|Any CPU
		{087F9C2A-E97E-4141-802D-2A7E6033D9C1}.Release|iPhone.Build.0 = Release|Any CPU
		{087F9C2A-E97E-4141-802D-2A7E6033D9C1}.Release|iPhoneSimulator.ActiveCfg = Release|Any CPU
		{087F9C2A-E97E-4141-802D-2A7E6033D9C1}.Release|iPhoneSimulator.Build.0 = Release|Any CPU
		{087F9C2A-E97E-4141-802D-2A7E6033D9C1}.Release|x64.ActiveCfg = Release|Any CPU
		{087F9C2A-E97E-4141-802D-2A7E6033D9C1}.Release|x64.Build.0 = Release|Any CPU
		{087F9C2A-E97E-4141-802D-2A7E6033D9C1}.Release|x86.ActiveCfg = Release|Any CPU
		{087F9C2A-E97E-4141-802D-2A7E6033D9C1}.Release|x86.Build.0 = Release|Any CPU
	EndGlobalSection
	GlobalSection(SolutionProperties) = preSolution
		HideSolutionNode = FALSE
	EndGlobalSection
	GlobalSection(ExtensibilityGlobals) = postSolution
		SolutionGuid = {05192DFC-7942-4BE1-B922-172C0132394A}
	EndGlobalSection
EndGlobal
